
Microsoft Visual Studio Solution File, Format Version 12.00
# Visual Studio Version 17
VisualStudioVersion = 17.6.33829.357
MinimumVisualStudioVersion = 10.0.40219.1
Project("{FAE04EC0-301F-11D3-BF4B-00C04F79EFBC}") = "RSA", "RSA\RSA.csproj", "{E9998DE3-2C85-400A-8A29-0B19B123EB3C}"
EndProject
Global
	GlobalSection(SolutionConfigurationPlatforms) = preSolution
		Debug|Any CPU = Debug|Any CPU
		Release|Any CPU = Release|Any CPU
	EndGlobalSection
	GlobalSection(ProjectConfigurationPlatforms) = postSolution
		{E9998DE3-2C85-400A-8A29-0B19B123EB3C}.Debug|Any CPU.ActiveCfg = Debug|Any CPU
		{E9998DE3-2C85-400A-8A29-0B19B123EB3C}.Debug|Any CPU.Build.0 = Debug|Any CPU
		{E9998DE3-2C85-400A-8A29-0B19B123EB3C}.Release|Any CPU.ActiveCfg = Release|Any CPU
		{E9998DE3-2C85-400A-8A29-0B19B123EB3C}.Release|Any CPU.Build.0 = Release|Any CPU
	EndGlobalSection
	GlobalSection(SolutionProperties) = preSolution
		HideSolutionNode = FALSE
	EndGlobalSection
	GlobalSection(ExtensibilityGlobals) = postSolution
		SolutionGuid = {CC81DDF2-E7C5-42B6-AAC2-980AC13F09F1}
	EndGlobalSection
EndGlobal
